
Microsoft Visual Studio Solution File, Format Version 12.00
# Visual Studio 14
VisualStudioVersion = 14.0.24720.0
MinimumVisualStudioVersion = 10.0.40219.1
Project("{FAE04EC0-301F-11D3-BF4B-00C04F79EFBC}") = "SquareOfStars", "SquareOfStars\SquareOfStars.csproj", "{A1D273C3-FD57-4F81-BFDF-1A3B049C4A3D}"
EndProject
Global
	GlobalSection(SolutionConfigurationPlatforms) = preSolution
		Debug|Any CPU = Debug|Any CPU
		Release|Any CPU = Release|Any CPU
	EndGlobalSection
	GlobalSection(ProjectConfigurationPlatforms) = postSolution
		{A1D273C3-FD57-4F81-BFDF-1A3B049C4A3D}.Debug|Any CPU.ActiveCfg = Debug|Any CPU
		{A1D273C3-FD57-4F81-BFDF-1A3B049C4A3D}.Debug|Any CPU.Build.0 = Debug|Any CPU
		{A1D273C3-FD57-4F81-BFDF-1A3B049C4A3D}.Release|Any CPU.ActiveCfg = Release|Any CPU
		{A1D273C3-FD57-4F81-BFDF-1A3B049C4A3D}.Release|Any CPU.Build.0 = Release|Any CPU
	EndGlobalSection
	GlobalSection(SolutionProperties) = preSolution
		HideSolutionNode = FALSE
	EndGlobalSection
EndGlobal
